
Microsoft Visual Studio Solution File, Format Version 10.00
# Visual Studio 2008
Project("{8BC9CEB8-8B4A-11D0-8D11-00A0C91BC942}") = "PCA", "PCA\PCA.vcproj", "{46C7C118-D1B0-48DD-975D-A7FBBEF1B2BF}"
EndProject
Project("{8BC9CEB8-8B4A-11D0-8D11-00A0C91BC942}") = "Filter", "Filter\Filter\Filter.vcproj", "{6B36EF2E-4915-42CF-9649-0FEA9C178088}"
EndProject
Project("{8BC9CEB8-8B4A-11D0-8D11-00A0C91BC942}") = "HighSpecRXD", "HighSpecRXD\HighSpecRXD.vcproj", "{60F2C5F0-5CD8-43CC-83C6-74F7E6EDCEEE}"
EndProject
Project("{8BC9CEB8-8B4A-11D0-8D11-00A0C91BC942}") = "StdPCA", "StdPCA\StdPCA.vcproj", "{E4DAC291-F4CE-4C71-848F-01EC7A80178E}"
EndProject
Global
	GlobalSection(SolutionConfigurationPlatforms) = preSolution
		Debug|Win32 = Debug|Win32
		Release|Win32 = Release|Win32
	EndGlobalSection
	GlobalSection(ProjectConfigurationPlatforms) = postSolution
		{46C7C118-D1B0-48DD-975D-A7FBBEF1B2BF}.Debug|Win32.ActiveCfg = Debug|Win32
		{46C7C118-D1B0-48DD-975D-A7FBBEF1B2BF}.Debug|Win32.Build.0 = Debug|Win32
		{46C7C118-D1B0-48DD-975D-A7FBBEF1B2BF}.Release|Win32.ActiveCfg = Release|Win32
		{46C7C118-D1B0-48DD-975D-A7FBBEF1B2BF}.Release|Win32.Build.0 = Release|Win32
		{6B36EF2E-4915-42CF-9649-0FEA9C178088}.Debug|Win32.ActiveCfg = Debug|Win32
		{6B36EF2E-4915-42CF-9649-0FEA9C178088}.Debug|Win32.Build.0 = Debug|Win32
		{6B36EF2E-4915-42CF-9649-0FEA9C178088}.Release|Win32.ActiveCfg = Release|Win32
		{6B36EF2E-4915-42CF-9649-0FEA9C178088}.Release|Win32.Build.0 = Release|Win32
		{60F2C5F0-5CD8-43CC-83C6-74F7E6EDCEEE}.Debug|Win32.ActiveCfg = Debug|Win32
		{60F2C5F0-5CD8-43CC-83C6-74F7E6EDCEEE}.Debug|Win32.Build.0 = Debug|Win32
		{60F2C5F0-5CD8-43CC-83C6-74F7E6EDCEEE}.Release|Win32.ActiveCfg = Release|Win32
		{60F2C5F0-5CD8-43CC-83C6-74F7E6EDCEEE}.Release|Win32.Build.0 = Release|Win32
		{E4DAC291-F4CE-4C71-848F-01EC7A80178E}.Debug|Win32.ActiveCfg = Debug|Win32
		{E4DAC291-F4CE-4C71-848F-01EC7A80178E}.Debug|Win32.Build.0 = Debug|Win32
		{E4DAC291-F4CE-4C71-848F-01EC7A80178E}.Release|Win32.ActiveCfg = Release|Win32
		{E4DAC291-F4CE-4C71-848F-01EC7A80178E}.Release|Win32.Build.0 = Release|Win32
	EndGlobalSection
	GlobalSection(SolutionProperties) = preSolution
		HideSolutionNode = FALSE
	EndGlobalSection
	GlobalSection(ExtensibilityGlobals) = postSolution
		VisualSVNWorkingCopyRoot = .
	EndGlobalSection
EndGlobal
